// !$*UTF8*$!
{
	archiveVersion = 1;
	classes = {
	};
	objectVersion = 46;
	objects = {

/* Begin PBXBuildFile section */
		460791931DE0099900350F7F /* fourthViewController.swift in Sources */ = {isa = PBXBuildFile; fileRef = 460791921DE0099900350F7F /* fourthViewController.swift */; };
		462875CB1DF2F956006B6B88 /* customCellCollectionViewCell.swift in Sources */ = {isa = PBXBuildFile; fileRef = 462875CA1DF2F956006B6B88 /* customCellCollectionViewCell.swift */; };
		46408B131DEDB6C1007EF99F /* Main.storyboard in Resources */ = {isa = PBXBuildFile; fileRef = 46408B121DEDB6C1007EF99F /* Main.storyboard */; };
		464BC3B71DE1BCF6005AE905 /* fifthViewController.swift in Sources */ = {isa = PBXBuildFile; fileRef = 464BC3B61DE1BCF6005AE905 /* fifthViewController.swift */; };
		464BE3861DDB2F11008226A1 /* thirdViewController.swift in Sources */ = {isa = PBXBuildFile; fileRef = 464BE3851DDB2F11008226A1 /* thirdViewController.swift */; };
		4660E5551DEDAC0B00766D17 /* cameraViewController.swift in Sources */ = {isa = PBXBuildFile; fileRef = 4660E5541DEDAC0B00766D17 /* cameraViewController.swift */; };
		469839D31DCCC0710042A9F5 /* AppDelegate.swift in Sources */ = {isa = PBXBuildFile; fileRef = 469839D21DCCC0710042A9F5 /* AppDelegate.swift */; };
		469839D51DCCC0710042A9F5 /* ViewController.swift in Sources */ = {isa = PBXBuildFile; fileRef = 469839D41DCCC0710042A9F5 /* ViewController.swift */; };
		469839DA1DCCC0710042A9F5 /* Assets.xcassets in Resources */ = {isa = PBXBuildFile; fileRef = 469839D91DCCC0710042A9F5 /* Assets.xcassets */; };
		469839DD1DCCC0710042A9F5 /* LaunchScreen.storyboard in Resources */ = {isa = PBXBuildFile; fileRef = 469839DB1DCCC0710042A9F5 /* LaunchScreen.storyboard */; };
		469839E81DCCC0710042A9F5 /* kadai1Tests.swift in Sources */ = {isa = PBXBuildFile; fileRef = 469839E71DCCC0710042A9F5 /* kadai1Tests.swift */; };
		469839F31DCCC0710042A9F5 /* kadai1UITests.swift in Sources */ = {isa = PBXBuildFile; fileRef = 469839F21DCCC0710042A9F5 /* kadai1UITests.swift */; };
		469895BE1DDAAF4F0061B130 /* secondViewController.swift in Sources */ = {isa = PBXBuildFile; fileRef = 469895BD1DDAAF4F0061B130 /* secondViewController.swift */; };
		46BD32981DEAB289005EBC3A /* room01.jpg in Resources */ = {isa = PBXBuildFile; fileRef = 46BD32971DEAB289005EBC3A /* room01.jpg */; };
		46BD329A1DEABB25005EBC3A /* 02.jpg in Resources */ = {isa = PBXBuildFile; fileRef = 46BD32991DEABB25005EBC3A /* 02.jpg */; };
		46FBF5681DDDFBB100BBCD9A /* json.txt in Resources */ = {isa = PBXBuildFile; fileRef = 46FBF5671DDDFBB100BBCD9A /* json.txt */; };
/* End PBXBuildFile section */

/* Begin PBXContainerItemProxy section */
		469839E41DCCC0710042A9F5 /* PBXContainerItemProxy */ = {
			isa = PBXContainerItemProxy;
			containerPortal = 469839C71DCCC0710042A9F5 /* Project object */;
			proxyType = 1;
			remoteGlobalIDString = 469839CE1DCCC0710042A9F5;
			remoteInfo = kadai1;
		};
		469839EF1DCCC0710042A9F5 /* PBXContainerItemProxy */ = {
			isa = PBXContainerItemProxy;
			containerPortal = 469839C71DCCC0710042A9F5 /* Project object */;
			proxyType = 1;
			remoteGlobalIDString = 469839CE1DCCC0710042A9F5;
			remoteInfo = kadai1;
		};
/* End PBXContainerItemProxy section */

/* Begin PBXFileReference section */
		460791921DE0099900350F7F /* fourthViewController.swift */ = {isa = PBXFileReference; fileEncoding = 4; lastKnownFileType = sourcecode.swift; path = fourthViewController.swift; sourceTree = "<group>"; };
		462875CA1DF2F956006B6B88 /* customCellCollectionViewCell.swift */ = {isa = PBXFileReference; fileEncoding = 4; lastKnownFileType = sourcecode.swift; path = customCellCollectionViewCell.swift; sourceTree = "<group>"; };
		46408B121DEDB6C1007EF99F /* Main.storyboard */ = {isa = PBXFileReference; fileEncoding = 4; lastKnownFileType = file.storyboard; path = Main.storyboard; sourceTree = "<group>"; };
		464BC3B61DE1BCF6005AE905 /* fifthViewController.swift */ = {isa = PBXFileReference; fileEncoding = 4; lastKnownFileType = sourcecode.swift; path = fifthViewController.swift; sourceTree = "<group>"; };
		464BE3851DDB2F11008226A1 /* thirdViewController.swift */ = {isa = PBXFileReference; fileEncoding = 4; lastKnownFileType = sourcecode.swift; path = thirdViewController.swift; sourceTree = "<group>"; };
		4660E5541DEDAC0B00766D17 /* cameraViewController.swift */ = {isa = PBXFileReference; fileEncoding = 4; lastKnownFileType = sourcecode.swift; path = cameraViewController.swift; sourceTree = "<group>"; };
		469839CF1DCCC0710042A9F5 /* kadai1.app */ = {isa = PBXFileReference; explicitFileType = wrapper.application; includeInIndex = 0; path = kadai1.app; sourceTree = BUILT_PRODUCTS_DIR; };
		469839D21DCCC0710042A9F5 /* AppDelegate.swift */ = {isa = PBXFileReference; lastKnownFileType = sourcecode.swift; path = AppDelegate.swift; sourceTree = "<group>"; };
		469839D41DCCC0710042A9F5 /* ViewController.swift */ = {isa = PBXFileReference; lastKnownFileType = sourcecode.swift; path = ViewController.swift; sourceTree = "<group>"; };
		469839D91DCCC0710042A9F5 /* Assets.xcassets */ = {isa = PBXFileReference; lastKnownFileType = folder.assetcatalog; path = Assets.xcassets; sourceTree = "<group>"; };
		469839DC1DCCC0710042A9F5 /* Base */ = {isa = PBXFileReference; lastKnownFileType = file.storyboard; name = Base; path = Base.lproj/LaunchScreen.storyboard; sourceTree = "<group>"; };
		469839DE1DCCC0710042A9F5 /* Info.plist */ = {isa = PBXFileReference; lastKnownFileType = text.plist.xml; path = Info.plist; sourceTree = "<group>"; };
		469839E31DCCC0710042A9F5 /* kadai1Tests.xctest */ = {isa = PBXFileReference; explicitFileType = wrapper.cfbundle; includeInIndex = 0; path = kadai1Tests.xctest; sourceTree = BUILT_PRODUCTS_DIR; };
		469839E71DCCC0710042A9F5 /* kadai1Tests.swift */ = {isa = PBXFileReference; lastKnownFileType = sourcecode.swift; path = kadai1Tests.swift; sourceTree = "<group>"; };
		469839E91DCCC0710042A9F5 /* Info.plist */ = {isa = PBXFileReference; lastKnownFileType = text.plist.xml; path = Info.plist; sourceTree = "<group>"; };
		469839EE1DCCC0710042A9F5 /* kadai1UITests.xctest */ = {isa = PBXFileReference; explicitFileType = wrapper.cfbundle; includeInIndex = 0; path = kadai1UITests.xctest; sourceTree = BUILT_PRODUCTS_DIR; };
		469839F21DCCC0710042A9F5 /* kadai1UITests.swift */ = {isa = PBXFileReference; lastKnownFileType = sourcecode.swift; path = kadai1UITests.swift; sourceTree = "<group>"; };
		469839F41DCCC0710042A9F5 /* Info.plist */ = {isa = PBXFileReference; lastKnownFileType = text.plist.xml; path = Info.plist; sourceTree = "<group>"; };
		469895BD1DDAAF4F0061B130 /* secondViewController.swift */ = {isa = PBXFileReference; fileEncoding = 4; lastKnownFileType = sourcecode.swift; path = secondViewController.swift; sourceTree = "<group>"; };
		46BD32971DEAB289005EBC3A /* room01.jpg */ = {isa = PBXFileReference; lastKnownFileType = image.jpeg; path = room01.jpg; sourceTree = "<group>"; };
		46BD32991DEABB25005EBC3A /* 02.jpg */ = {isa = PBXFileReference; lastKnownFileType = image.jpeg; path = 02.jpg; sourceTree = "<group>"; };
		46FBF5671DDDFBB100BBCD9A /* json.txt */ = {isa = PBXFileReference; fileEncoding = 4; lastKnownFileType = text; path = json.txt; sourceTree = "<group>"; };
/* End PBXFileReference section */

/* Begin PBXFrameworksBuildPhase section */
		469839CC1DCCC0710042A9F5 /* Frameworks */ = {
			isa = PBXFrameworksBuildPhase;
			buildActionMask = 2147483647;
			files = (
			);
			runOnlyForDeploymentPostprocessing = 0;
		};
		469839E01DCCC0710042A9F5 /* Frameworks */ = {
			isa = PBXFrameworksBuildPhase;
			buildActionMask = 2147483647;
			files = (
			);
			runOnlyForDeploymentPostprocessing = 0;
		};
		469839EB1DCCC0710042A9F5 /* Frameworks */ = {
			isa = PBXFrameworksBuildPhase;
			buildActionMask = 2147483647;
			files = (
			);
			runOnlyForDeploymentPostprocessing = 0;
		};
/* End PBXFrameworksBuildPhase section */

/* Begin PBXGroup section */
		469839C61DCCC0710042A9F5 = {
			isa = PBXGroup;
			children = (
				469839D11DCCC0710042A9F5 /* kadai1 */,
				469839E61DCCC0710042A9F5 /* kadai1Tests */,
				469839F11DCCC0710042A9F5 /* kadai1UITests */,
				469839D01DCCC0710042A9F5 /* Products */,
			);
			sourceTree = "<group>";
		};
		469839D01DCCC0710042A9F5 /* Products */ = {
			isa = PBXGroup;
			children = (
				469839CF1DCCC0710042A9F5 /* kadai1.app */,
				469839E31DCCC0710042A9F5 /* kadai1Tests.xctest */,
				469839EE1DCCC0710042A9F5 /* kadai1UITests.xctest */,
			);
			name = Products;
			sourceTree = "<group>";
		};
		469839D11DCCC0710042A9F5 /* kadai1 */ = {
			isa = PBXGroup;
			children = (
				469839D21DCCC0710042A9F5 /* AppDelegate.swift */,
				469839D41DCCC0710042A9F5 /* ViewController.swift */,
				469895BD1DDAAF4F0061B130 /* secondViewController.swift */,
				464BE3851DDB2F11008226A1 /* thirdViewController.swift */,
				460791921DE0099900350F7F /* fourthViewController.swift */,
				464BC3B61DE1BCF6005AE905 /* fifthViewController.swift */,
				4660E5541DEDAC0B00766D17 /* cameraViewController.swift */,
				46408B121DEDB6C1007EF99F /* Main.storyboard */,
				462875CA1DF2F956006B6B88 /* customCellCollectionViewCell.swift */,
				46BD32971DEAB289005EBC3A /* room01.jpg */,
				46BD32991DEABB25005EBC3A /* 02.jpg */,
				469839D91DCCC0710042A9F5 /* Assets.xcassets */,
				469839DB1DCCC0710042A9F5 /* LaunchScreen.storyboard */,
				469839DE1DCCC0710042A9F5 /* Info.plist */,
				46FBF5671DDDFBB100BBCD9A /* json.txt */,
			);
			path = kadai1;
			sourceTree = "<group>";
		};
		469839E61DCCC0710042A9F5 /* kadai1Tests */ = {
			isa = PBXGroup;
			children = (
				469839E71DCCC0710042A9F5 /* kadai1Tests.swift */,
				469839E91DCCC0710042A9F5 /* Info.plist */,
			);
			path = kadai1Tests;
			sourceTree = "<group>";
		};
		469839F11DCCC0710042A9F5 /* kadai1UITests */ = {
			isa = PBXGroup;
			children = (
				469839F21DCCC0710042A9F5 /* kadai1UITests.swift */,
				469839F41DCCC0710042A9F5 /* Info.plist */,
			);
			path = kadai1UITests;
			sourceTree = "<group>";
		};
/* End PBXGroup section */

/* Begin PBXNativeTarget section */
		469839CE1DCCC0710042A9F5 /* kadai1 */ = {
			isa = PBXNativeTarget;
			buildConfigurationList = 469839F71DCCC0710042A9F5 /* Build configuration list for PBXNativeTarget "kadai1" */;
			buildPhases = (
				469839CB1DCCC0710042A9F5 /* Sources */,
				469839CC1DCCC0710042A9F5 /* Frameworks */,
				469839CD1DCCC0710042A9F5 /* Resources */,
			);
			buildRules = (
			);
			dependencies = (
			);
			name = kadai1;
			productName = kadai1;
			productReference = 469839CF1DCCC0710042A9F5 /* kadai1.app */;
			productType = "com.apple.product-type.application";
		};
		469839E21DCCC0710042A9F5 /* kadai1Tests */ = {
			isa = PBXNativeTarget;
			buildConfigurationList = 469839FA1DCCC0710042A9F5 /* Build configuration list for PBXNativeTarget "kadai1Tests" */;
			buildPhases = (
				469839DF1DCCC0710042A9F5 /* Sources */,
				469839E01DCCC0710042A9F5 /* Frameworks */,
				469839E11DCCC0710042A9F5 /* Resources */,
			);
			buildRules = (
			);
			dependencies = (
				469839E51DCCC0710042A9F5 /* PBXTargetDependency */,
			);
			name = kadai1Tests;
			productName = kadai1Tests;
			productReference = 469839E31DCCC0710042A9F5 /* kadai1Tests.xctest */;
			productType = "com.apple.product-type.bundle.unit-test";
		};
		469839ED1DCCC0710042A9F5 /* kadai1UITests */ = {
			isa = PBXNativeTarget;
			buildConfigurationList = 469839FD1DCCC0710042A9F5 /* Build configuration list for PBXNativeTarget "kadai1UITests" */;
			buildPhases = (
				469839EA1DCCC0710042A9F5 /* Sources */,
				469839EB1DCCC0710042A9F5 /* Frameworks */,
				469839EC1DCCC0710042A9F5 /* Resources */,
			);
			buildRules = (
			);
			dependencies = (
				469839F01DCCC0710042A9F5 /* PBXTargetDependency */,
			);
			name = kadai1UITests;
			productName = kadai1UITests;
			productReference = 469839EE1DCCC0710042A9F5 /* kadai1UITests.xctest */;
			productType = "com.apple.product-type.bundle.ui-testing";
		};
/* End PBXNativeTarget section */

/* Begin PBXProject section */
		469839C71DCCC0710042A9F5 /* Project object */ = {
			isa = PBXProject;
			attributes = {
				LastSwiftUpdateCheck = 0800;
				LastUpgradeCheck = 0800;
				ORGANIZATIONNAME = "森定遼";
				TargetAttributes = {
					469839CE1DCCC0710042A9F5 = {
						CreatedOnToolsVersion = 8.0;
						DevelopmentTeam = L5HBJ854V8;
						ProvisioningStyle = Automatic;
					};
					469839E21DCCC0710042A9F5 = {
						CreatedOnToolsVersion = 8.0;
						ProvisioningStyle = Automatic;
						TestTargetID = 469839CE1DCCC0710042A9F5;
					};
					469839ED1DCCC0710042A9F5 = {
						CreatedOnToolsVersion = 8.0;
						ProvisioningStyle = Automatic;
						TestTargetID = 469839CE1DCCC0710042A9F5;
					};
				};
			};
			buildConfigurationList = 469839CA1DCCC0710042A9F5 /* Build configuration list for PBXProject "kadai1" */;
			compatibilityVersion = "Xcode 3.2";
			developmentRegion = English;
			hasScannedForEncodings = 0;
			knownRegions = (
				en,
				Base,
			);
			mainGroup = 469839C61DCCC0710042A9F5;
			productRefGroup = 469839D01DCCC0710042A9F5 /* Products */;
			projectDirPath = "";
			projectRoot = "";
			targets = (
				469839CE1DCCC0710042A9F5 /* kadai1 */,
				469839E21DCCC0710042A9F5 /* kadai1Tests */,
				469839ED1DCCC0710042A9F5 /* kadai1UITests */,
			);
		};
/* End PBXProject section */

/* Begin PBXResourcesBuildPhase section */
		469839CD1DCCC0710042A9F5 /* Resources */ = {
			isa = PBXResourcesBuildPhase;
			buildActionMask = 2147483647;
			files = (
				46BD32981DEAB289005EBC3A /* room01.jpg in Resources */,
				46BD329A1DEABB25005EBC3A /* 02.jpg in Resources */,
				46FBF5681DDDFBB100BBCD9A /* json.txt in Resources */,
				46408B131DEDB6C1007EF99F /* Main.storyboard in Resources */,
				469839DD1DCCC0710042A9F5 /* LaunchScreen.storyboard in Resources */,
				469839DA1DCCC0710042A9F5 /* Assets.xcassets in Resources */,
			);
			runOnlyForDeploymentPostprocessing = 0;
		};
		469839E11DCCC0710042A9F5 /* Resources */ = {
			isa = PBXResourcesBuildPhase;
			buildActionMask = 2147483647;
			files = (
			);
			runOnlyForDeploymentPostprocessing = 0;
		};
		469839EC1DCCC0710042A9F5 /* Resources */ = {
			isa = PBXResourcesBuildPhase;
			buildActionMask = 2147483647;
			files = (
			);
			runOnlyForDeploymentPostprocessing = 0;
		};
/* End PBXResourcesBuildPhase section */

/* Begin PBXSourcesBuildPhase section */
		469839CB1DCCC0710042A9F5 /* Sources */ = {
			isa = PBXSourcesBuildPhase;
			buildActionMask = 2147483647;
			files = (
				460791931DE0099900350F7F /* fourthViewController.swift in Sources */,
				469839D51DCCC0710042A9F5 /* ViewController.swift in Sources */,
				464BC3B71DE1BCF6005AE905 /* fifthViewController.swift in Sources */,
				462875CB1DF2F956006B6B88 /* customCellCollectionViewCell.swift in Sources */,
				469895BE1DDAAF4F0061B130 /* secondViewController.swift in Sources */,
				4660E5551DEDAC0B00766D17 /* cameraViewController.swift in Sources */,
				464BE3861DDB2F11008226A1 /* thirdViewController.swift in Sources */,
				469839D31DCCC0710042A9F5 /* AppDelegate.swift in Sources */,
			);
			runOnlyForDeploymentPostprocessing = 0;
		};
		469839DF1DCCC0710042A9F5 /* Sources */ = {
			isa = PBXSourcesBuildPhase;
			buildActionMask = 2147483647;
			files = (
				469839E81DCCC0710042A9F5 /* kadai1Tests.swift in Sources */,
			);
			runOnlyForDeploymentPostprocessing = 0;
		};
		469839EA1DCCC0710042A9F5 /* Sources */ = {
			isa = PBXSourcesBuildPhase;
			buildActionMask = 2147483647;
			files = (
				469839F31DCCC0710042A9F5 /* kadai1UITests.swift in Sources */,
			);
			runOnlyForDeploymentPostprocessing = 0;
		};
/* End PBXSourcesBuildPhase section */

/* Begin PBXTargetDependency section */
		469839E51DCCC0710042A9F5 /* PBXTargetDependency */ = {
			isa = PBXTargetDependency;
			target = 469839CE1DCCC0710042A9F5 /* kadai1 */;
			targetProxy = 469839E41DCCC0710042A9F5 /* PBXContainerItemProxy */;
		};
		469839F01DCCC0710042A9F5 /* PBXTargetDependency */ = {
			isa = PBXTargetDependency;
			target = 469839CE1DCCC0710042A9F5 /* kadai1 */;
			targetProxy = 469839EF1DCCC0710042A9F5 /* PBXContainerItemProxy */;
		};
/* End PBXTargetDependency section */

/* Begin PBXVariantGroup section */
		469839DB1DCCC0710042A9F5 /* LaunchScreen.storyboard */ = {
			isa = PBXVariantGroup;
			children = (
				469839DC1DCCC0710042A9F5 /* Base */,
			);
			name = LaunchScreen.storyboard;
			sourceTree = "<group>";
		};
/* End PBXVariantGroup section */

/* Begin XCBuildConfiguration section */
		469839F51DCCC0710042A9F5 /* Debug */ = {
			isa = XCBuildConfiguration;
			buildSettings = {
				ALWAYS_SEARCH_USER_PATHS = NO;
				CLANG_ANALYZER_NONNULL = YES;
				CLANG_CXX_LANGUAGE_STANDARD = "gnu++0x";
				CLANG_CXX_LIBRARY = "libc++";
				CLANG_ENABLE_MODULES = YES;
				CLANG_ENABLE_OBJC_ARC = YES;
				CLANG_WARN_BOOL_CONVERSION = YES;
				CLANG_WARN_CONSTANT_CONVERSION = YES;
				CLANG_WARN_DIRECT_OBJC_ISA_USAGE = YES_ERROR;
				CLANG_WARN_DOCUMENTATION_COMMENTS = YES;
				CLANG_WARN_EMPTY_BODY = YES;
				CLANG_WARN_ENUM_CONVERSION = YES;
				CLANG_WARN_INFINITE_RECURSION = YES;
				CLANG_WARN_INT_CONVERSION = YES;
				CLANG_WARN_OBJC_ROOT_CLASS = YES_ERROR;
				CLANG_WARN_SUSPICIOUS_MOVES = YES;
				CLANG_WARN_UNREACHABLE_CODE = YES;
				CLANG_WARN__DUPLICATE_METHOD_MATCH = YES;
				"CODE_SIGN_IDENTITY[sdk=iphoneos*]" = "iPhone Developer";
				COPY_PHASE_STRIP = NO;
				DEBUG_INFORMATION_FORMAT = dwarf;
				ENABLE_STRICT_OBJC_MSGSEND = YES;
				ENABLE_TESTABILITY = YES;
				GCC_C_LANGUAGE_STANDARD = gnu99;
				GCC_DYNAMIC_NO_PIC = NO;
				GCC_NO_COMMON_BLOCKS = YES;
				GCC_OPTIMIZATION_LEVEL = 0;
				GCC_PREPROCESSOR_DEFINITIONS = (
					"DEBUG=1",
					"$(inherited)",
				);
				GCC_WARN_64_TO_32_BIT_CONVERSION = YES;
				GCC_WARN_ABOUT_RETURN_TYPE = YES_ERROR;
				GCC_WARN_UNDECLARED_SELECTOR = YES;
				GCC_WARN_UNINITIALIZED_AUTOS = YES_AGGRESSIVE;
				GCC_WARN_UNUSED_FUNCTION = YES;
				GCC_WARN_UNUSED_VARIABLE = YES;
				IPHONEOS_DEPLOYMENT_TARGET = 10.0;
				MTL_ENABLE_DEBUG_INFO = YES;
				ONLY_ACTIVE_ARCH = YES;
				SDKROOT = iphoneos;
				SWIFT_ACTIVE_COMPILATION_CONDITIONS = DEBUG;
				SWIFT_OPTIMIZATION_LEVEL = "-Onone";
				TARGETED_DEVICE_FAMILY = "1,2";
			};
			name = Debug;
		};
		469839F61DCCC0710042A9F5 /* Release */ = {
			isa = XCBuildConfiguration;
			buildSettings = {
				ALWAYS_SEARCH_USER_PATHS = NO;
				CLANG_ANALYZER_NONNULL = YES;
				CLANG_CXX_LANGUAGE_STANDARD = "gnu++0x";
				CLANG_CXX_LIBRARY = "libc++";
				CLANG_ENABLE_MODULES = YES;
				CLANG_ENABLE_OBJC_ARC = YES;
				CLANG_WARN_BOOL_CONVERSION = YES;
				CLANG_WARN_CONSTANT_CONVERSION = YES;
				CLANG_WARN_DIRECT_OBJC_ISA_USAGE = YES_ERROR;
				CLANG_WARN_DOCUMENTATION_COMMENTS = YES;
				CLANG_WARN_EMPTY_BODY = YES;
				CLANG_WARN_ENUM_CONVERSION = YES;
				CLANG_WARN_INFINITE_RECURSION = YES;
				CLANG_WARN_INT_CONVERSION = YES;
				CLANG_WARN_OBJC_ROOT_CLASS = YES_ERROR;
				CLANG_WARN_SUSPICIOUS_MOVES = YES;
				CLANG_WARN_UNREACHABLE_CODE = YES;
				CLANG_WARN__DUPLICATE_METHOD_MATCH = YES;
				"CODE_SIGN_IDENTITY[sdk=iphoneos*]" = "iPhone Developer";
				COPY_PHASE_STRIP = NO;
				DEBUG_INFORMATION_FORMAT = "dwarf-with-dsym";
				ENABLE_NS_ASSERTIONS = NO;
				ENABLE_STRICT_OBJC_MSGSEND = YES;
				GCC_C_LANGUAGE_STANDARD = gnu99;
				GCC_NO_COMMON_BLOCKS = YES;
				GCC_WARN_64_TO_32_BIT_CONVERSION = YES;
				GCC_WARN_ABOUT_RETURN_TYPE = YES_ERROR;
				GCC_WARN_UNDECLARED_SELECTOR = YES;
				GCC_WARN_UNINITIALIZED_AUTOS = YES_AGGRESSIVE;
				GCC_WARN_UNUSED_FUNCTION = YES;
				GCC_WARN_UNUSED_VARIABLE = YES;
				IPHONEOS_DEPLOYMENT_TARGET = 10.0;
				MTL_ENABLE_DEBUG_INFO = NO;
				SDKROOT = iphoneos;
				SWIFT_OPTIMIZATION_LEVEL = "-Owholemodule";
				TARGETED_DEVICE_FAMILY = "1,2";
				VALIDATE_PRODUCT = YES;
			};
			name = Release;
		};
		469839F81DCCC0710042A9F5 /* Debug */ = {
			isa = XCBuildConfiguration;
			buildSettings = {
				ASSETCATALOG_COMPILER_APPICON_NAME = AppIcon;
				DEVELOPMENT_TEAM = L5HBJ854V8;
				INFOPLIST_FILE = kadai1/Info.plist;
				IPHONEOS_DEPLOYMENT_TARGET = 9.3;
				LD_RUNPATH_SEARCH_PATHS = "$(inherited) @executable_path/Frameworks";
				PRODUCT_BUNDLE_IDENTIFIER = myAprication001.kadai1;
				PRODUCT_NAME = "$(TARGET_NAME)";
				SWIFT_VERSION = 3.0;
			};
			name = Debug;
		};
		469839F91DCCC0710042A9F5 /* Release */ = {
			isa = XCBuildConfiguration;
			buildSettings = {
				ASSETCATALOG_COMPILER_APPICON_NAME = AppIcon;
				DEVELOPMENT_TEAM = L5HBJ854V8;
				INFOPLIST_FILE = kadai1/Info.plist;
				IPHONEOS_DEPLOYMENT_TARGET = 9.3;
				LD_RUNPATH_SEARCH_PATHS = "$(inherited) @executable_path/Frameworks";
				PRODUCT_BUNDLE_IDENTIFIER = myAprication001.kadai1;
				PRODUCT_NAME = "$(TARGET_NAME)";
				SWIFT_VERSION = 3.0;
			};
			name = Release;
		};
		469839FB1DCCC0710042A9F5 /* Debug */ = {
			isa = XCBuildConfiguration;
			buildSettings = {
				ALWAYS_EMBED_SWIFT_STANDARD_LIBRARIES = YES;
				BUNDLE_LOADER = "$(TEST_HOST)";
				INFOPLIST_FILE = kadai1Tests/Info.plist;
				LD_RUNPATH_SEARCH_PATHS = "$(inherited) @executable_path/Frameworks @loader_path/Frameworks";
				PRODUCT_BUNDLE_IDENTIFIER = "---.kadai1Tests";
				PRODUCT_NAME = "$(TARGET_NAME)";
				SWIFT_VERSION = 3.0;
				TEST_HOST = "$(BUILT_PRODUCTS_DIR)/kadai1.app/kadai1";
			};
			name = Debug;
		};
		469839FC1DCCC0710042A9F5 /* Release */ = {
			isa = XCBuildConfiguration;
			buildSettings = {
				ALWAYS_EMBED_SWIFT_STANDARD_LIBRARIES = YES;
				BUNDLE_LOADER = "$(TEST_HOST)";
				INFOPLIST_FILE = kadai1Tests/Info.plist;
				LD_RUNPATH_SEARCH_PATHS = "$(inherited) @executable_path/Frameworks @loader_path/Frameworks";
				PRODUCT_BUNDLE_IDENTIFIER = "---.kadai1Tests";
				PRODUCT_NAME = "$(TARGET_NAME)";
				SWIFT_VERSION = 3.0;
				TEST_HOST = "$(BUILT_PRODUCTS_DIR)/kadai1.app/kadai1";
			};
			name = Release;
		};
		469839FE1DCCC0710042A9F5 /* Debug */ = {
			isa = XCBuildConfiguration;
			buildSettings = {
				ALWAYS_EMBED_SWIFT_STANDARD_LIBRARIES = YES;
				INFOPLIST_FILE = kadai1UITests/Info.plist;
				LD_RUNPATH_SEARCH_PATHS = "$(inherited) @executable_path/Frameworks @loader_path/Frameworks";
				PRODUCT_BUNDLE_IDENTIFIER = "---.kadai1UITests";
				PRODUCT_NAME = "$(TARGET_NAME)";
				SWIFT_VERSION = 3.0;
				TEST_TARGET_NAME = kadai1;
			};
			name = Debug;
		};
		469839FF1DCCC0710042A9F5 /* Release */ = {
			isa = XCBuildConfiguration;
			buildSettings = {
				ALWAYS_EMBED_SWIFT_STANDARD_LIBRARIES = YES;
				INFOPLIST_FILE = kadai1UITests/Info.plist;
				LD_RUNPATH_SEARCH_PATHS = "$(inherited) @executable_path/Frameworks @loader_path/Frameworks";
				PRODUCT_BUNDLE_IDENTIFIER = "---.kadai1UITests";
				PRODUCT_NAME = "$(TARGET_NAME)";
				SWIFT_VERSION = 3.0;
				TEST_TARGET_NAME = kadai1;
			};
			name = Release;
		};
/* End XCBuildConfiguration section */

/* Begin XCConfigurationList section */
		469839CA1DCCC0710042A9F5 /* Build configuration list for PBXProject "kadai1" */ = {
			isa = XCConfigurationList;
			buildConfigurations = (
				469839F51DCCC0710042A9F5 /* Debug */,
				469839F61DCCC0710042A9F5 /* Release */,
			);
			defaultConfigurationIsVisible = 0;
			defaultConfigurationName = Release;
		};
		469839F71DCCC0710042A9F5 /* Build configuration list for PBXNativeTarget "kadai1" */ = {
			isa = XCConfigurationList;
			buildConfigurations = (
				469839F81DCCC0710042A9F5 /* Debug */,
				469839F91DCCC0710042A9F5 /* Release */,
			);
			defaultConfigurationIsVisible = 0;
			defaultConfigurationName = Release;
		};
		469839FA1DCCC0710042A9F5 /* Build configuration list for PBXNativeTarget "kadai1Tests" */ = {
			isa = XCConfigurationList;
			buildConfigurations = (
				469839FB1DCCC0710042A9F5 /* Debug */,
				469839FC1DCCC0710042A9F5 /* Release */,
			);
			defaultConfigurationIsVisible = 0;
			defaultConfigurationName = Release;
		};
		469839FD1DCCC0710042A9F5 /* Build configuration list for PBXNativeTarget "kadai1UITests" */ = {
			isa = XCConfigurationList;
			buildConfigurations = (
				469839FE1DCCC0710042A9F5 /* Debug */,
				469839FF1DCCC0710042A9F5 /* Release */,
			);
			defaultConfigurationIsVisible = 0;
			defaultConfigurationName = Release;
		};
/* End XCConfigurationList section */
	};
	rootObject = 469839C71DCCC0710042A9F5 /* Project object */;
}
